
Microsoft Visual Studio Solution File, Format Version 12.00
# Visual Studio 15
VisualStudioVersion = 15.0.28307.645
MinimumVisualStudioVersion = 10.0.40219.1
Project("{FAE04EC0-301F-11D3-BF4B-00C04F79EFBC}") = "Monopoly Assignment", "Monopoly Assignment\Monopoly Assignment.csproj", "{AF425B41-A203-4336-9A82-F6436255B800}"
EndProject
Global
	GlobalSection(SolutionConfigurationPlatforms) = preSolution
		Debug|Any CPU = Debug|Any CPU
		Release|Any CPU = Release|Any CPU
	EndGlobalSection
	GlobalSection(ProjectConfigurationPlatforms) = postSolution
		{AF425B41-A203-4336-9A82-F6436255B800}.Debug|Any CPU.ActiveCfg = Debug|Any CPU
		{AF425B41-A203-4336-9A82-F6436255B800}.Debug|Any CPU.Build.0 = Debug|Any CPU
		{AF425B41-A203-4336-9A82-F6436255B800}.Release|Any CPU.ActiveCfg = Release|Any CPU
		{AF425B41-A203-4336-9A82-F6436255B800}.Release|Any CPU.Build.0 = Release|Any CPU
	EndGlobalSection
	GlobalSection(SolutionProperties) = preSolution
		HideSolutionNode = FALSE
	EndGlobalSection
	GlobalSection(ExtensibilityGlobals) = postSolution
		SolutionGuid = {9C471292-C195-4B4D-920F-39C361EE2F00}
	EndGlobalSection
EndGlobal
